
Microsoft Visual Studio Solution File, Format Version 12.00
Project("{FAE04EC0-301F-11D3-BF4B-00C04F79EFBC}") = "Lab7", "Lab7\Lab7.csproj", "{226EEBF2-BA49-4139-966C-6A6B91F6518A}"
EndProject
Project("{FAE04EC0-301F-11D3-BF4B-00C04F79EFBC}") = "ExampleSingleton", "ExampleSingleton\ExampleSingleton.csproj", "{D8BD5E28-505A-491D-B627-E7EC1A3A3141}"
EndProject
Global
	GlobalSection(SolutionConfigurationPlatforms) = preSolution
		Debug|Any CPU = Debug|Any CPU
		Release|Any CPU = Release|Any CPU
	EndGlobalSection
	GlobalSection(ProjectConfigurationPlatforms) = postSolution
		{226EEBF2-BA49-4139-966C-6A6B91F6518A}.Debug|Any CPU.ActiveCfg = Debug|Any CPU
		{226EEBF2-BA49-4139-966C-6A6B91F6518A}.Debug|Any CPU.Build.0 = Debug|Any CPU
		{226EEBF2-BA49-4139-966C-6A6B91F6518A}.Release|Any CPU.ActiveCfg = Release|Any CPU
		{226EEBF2-BA49-4139-966C-6A6B91F6518A}.Release|Any CPU.Build.0 = Release|Any CPU
		{D8BD5E28-505A-491D-B627-E7EC1A3A3141}.Debug|Any CPU.ActiveCfg = Debug|Any CPU
		{D8BD5E28-505A-491D-B627-E7EC1A3A3141}.Debug|Any CPU.Build.0 = Debug|Any CPU
		{D8BD5E28-505A-491D-B627-E7EC1A3A3141}.Release|Any CPU.ActiveCfg = Release|Any CPU
		{D8BD5E28-505A-491D-B627-E7EC1A3A3141}.Release|Any CPU.Build.0 = Release|Any CPU
	EndGlobalSection
EndGlobal
