
Microsoft Visual Studio Solution File, Format Version 12.00
# Visual Studio Version 17
VisualStudioVersion = 17.8.34330.188
MinimumVisualStudioVersion = 10.0.40219.1
Project("{FAE04EC0-301F-11D3-BF4B-00C04F79EFBC}") = "SingletonPattern", "SingletonPattern\SingletonPattern.csproj", "{EC8E4100-8864-4B37-A53C-54051EF95B36}"
EndProject
Project("{FAE04EC0-301F-11D3-BF4B-00C04F79EFBC}") = "TrafficAnalysisTask", "TrafficAnalysisTask\TrafficAnalysisTask.csproj", "{67C50E62-369A-443C-978D-0EBDFA2A37DC}"
EndProject
Global
	GlobalSection(SolutionConfigurationPlatforms) = preSolution
		Debug|Any CPU = Debug|Any CPU
		Release|Any CPU = Release|Any CPU
	EndGlobalSection
	GlobalSection(ProjectConfigurationPlatforms) = postSolution
		{EC8E4100-8864-4B37-A53C-54051EF95B36}.Debug|Any CPU.ActiveCfg = Debug|Any CPU
		{EC8E4100-8864-4B37-A53C-54051EF95B36}.Debug|Any CPU.Build.0 = Debug|Any CPU
		{EC8E4100-8864-4B37-A53C-54051EF95B36}.Release|Any CPU.ActiveCfg = Release|Any CPU
		{EC8E4100-8864-4B37-A53C-54051EF95B36}.Release|Any CPU.Build.0 = Release|Any CPU
		{67C50E62-369A-443C-978D-0EBDFA2A37DC}.Debug|Any CPU.ActiveCfg = Debug|Any CPU
		{67C50E62-369A-443C-978D-0EBDFA2A37DC}.Debug|Any CPU.Build.0 = Debug|Any CPU
		{67C50E62-369A-443C-978D-0EBDFA2A37DC}.Release|Any CPU.ActiveCfg = Release|Any CPU
		{67C50E62-369A-443C-978D-0EBDFA2A37DC}.Release|Any CPU.Build.0 = Release|Any CPU
	EndGlobalSection
	GlobalSection(SolutionProperties) = preSolution
		HideSolutionNode = FALSE
	EndGlobalSection
	GlobalSection(ExtensibilityGlobals) = postSolution
		SolutionGuid = {A8C88E95-92C0-473F-B447-24B5C5CBF0E1}
	EndGlobalSection
EndGlobal
