
Microsoft Visual Studio Solution File, Format Version 12.00
# Visual Studio Version 17
VisualStudioVersion = 17.6.33801.468
MinimumVisualStudioVersion = 10.0.40219.1
Project("{FAE04EC0-301F-11D3-BF4B-00C04F79EFBC}") = "lab7example", "lab7example\lab7example.csproj", "{CFA09703-8978-4A93-BE0C-8223E48A711C}"
EndProject
Global
	GlobalSection(SolutionConfigurationPlatforms) = preSolution
		Debug|Any CPU = Debug|Any CPU
		Release|Any CPU = Release|Any CPU
	EndGlobalSection
	GlobalSection(ProjectConfigurationPlatforms) = postSolution
		{CFA09703-8978-4A93-BE0C-8223E48A711C}.Debug|Any CPU.ActiveCfg = Debug|Any CPU
		{CFA09703-8978-4A93-BE0C-8223E48A711C}.Debug|Any CPU.Build.0 = Debug|Any CPU
		{CFA09703-8978-4A93-BE0C-8223E48A711C}.Release|Any CPU.ActiveCfg = Release|Any CPU
		{CFA09703-8978-4A93-BE0C-8223E48A711C}.Release|Any CPU.Build.0 = Release|Any CPU
	EndGlobalSection
	GlobalSection(SolutionProperties) = preSolution
		HideSolutionNode = FALSE
	EndGlobalSection
	GlobalSection(ExtensibilityGlobals) = postSolution
		SolutionGuid = {853787B7-33D3-4216-913E-B6309FAEB21A}
	EndGlobalSection
EndGlobal
