
Microsoft Visual Studio Solution File, Format Version 12.00
# Visual Studio Version 17
VisualStudioVersion = 17.9.34714.143
MinimumVisualStudioVersion = 10.0.40219.1
Project("{FAE04EC0-301F-11D3-BF4B-00C04F79EFBC}") = "Denysiuk_Pattern_Singleton", "Denysiuk_Pattern_Singleton.csproj", "{D2840FEF-82C5-45EF-B869-A36537D00DAA}"
EndProject
Global
	GlobalSection(SolutionConfigurationPlatforms) = preSolution
		Debug|Any CPU = Debug|Any CPU
		Release|Any CPU = Release|Any CPU
	EndGlobalSection
	GlobalSection(ProjectConfigurationPlatforms) = postSolution
		{D2840FEF-82C5-45EF-B869-A36537D00DAA}.Debug|Any CPU.ActiveCfg = Debug|Any CPU
		{D2840FEF-82C5-45EF-B869-A36537D00DAA}.Debug|Any CPU.Build.0 = Debug|Any CPU
		{D2840FEF-82C5-45EF-B869-A36537D00DAA}.Release|Any CPU.ActiveCfg = Release|Any CPU
		{D2840FEF-82C5-45EF-B869-A36537D00DAA}.Release|Any CPU.Build.0 = Release|Any CPU
	EndGlobalSection
	GlobalSection(SolutionProperties) = preSolution
		HideSolutionNode = FALSE
	EndGlobalSection
	GlobalSection(ExtensibilityGlobals) = postSolution
		SolutionGuid = {7CB33DE0-1C90-4991-8017-830342A96D83}
	EndGlobalSection
EndGlobal
