
Microsoft Visual Studio Solution File, Format Version 12.00
# Visual Studio Version 17
VisualStudioVersion = 17.9.34607.119
MinimumVisualStudioVersion = 10.0.40219.1
Project("{FAE04EC0-301F-11D3-BF4B-00C04F79EFBC}") = "Singleton.Example", "Singleton.Example\Singleton.Example.csproj", "{752C032B-37A9-48C5-B7C1-759FCF652B88}"
EndProject
Project("{FAE04EC0-301F-11D3-BF4B-00C04F79EFBC}") = "Singleton.Printer", "Singleton.Printer\Singleton.Printer.csproj", "{D05C12FD-0836-4AB1-A825-9FB4FF1346E3}"
EndProject
Global
	GlobalSection(SolutionConfigurationPlatforms) = preSolution
		Debug|Any CPU = Debug|Any CPU
		Release|Any CPU = Release|Any CPU
	EndGlobalSection
	GlobalSection(ProjectConfigurationPlatforms) = postSolution
		{752C032B-37A9-48C5-B7C1-759FCF652B88}.Debug|Any CPU.ActiveCfg = Debug|Any CPU
		{752C032B-37A9-48C5-B7C1-759FCF652B88}.Debug|Any CPU.Build.0 = Debug|Any CPU
		{752C032B-37A9-48C5-B7C1-759FCF652B88}.Release|Any CPU.ActiveCfg = Release|Any CPU
		{752C032B-37A9-48C5-B7C1-759FCF652B88}.Release|Any CPU.Build.0 = Release|Any CPU
		{D05C12FD-0836-4AB1-A825-9FB4FF1346E3}.Debug|Any CPU.ActiveCfg = Debug|Any CPU
		{D05C12FD-0836-4AB1-A825-9FB4FF1346E3}.Debug|Any CPU.Build.0 = Debug|Any CPU
		{D05C12FD-0836-4AB1-A825-9FB4FF1346E3}.Release|Any CPU.ActiveCfg = Release|Any CPU
		{D05C12FD-0836-4AB1-A825-9FB4FF1346E3}.Release|Any CPU.Build.0 = Release|Any CPU
	EndGlobalSection
	GlobalSection(SolutionProperties) = preSolution
		HideSolutionNode = FALSE
	EndGlobalSection
	GlobalSection(ExtensibilityGlobals) = postSolution
		SolutionGuid = {72E81C1A-D0D5-4CA4-9DF9-EE615831C74E}
	EndGlobalSection
EndGlobal
